
Microsoft Visual Studio Solution File, Format Version 12.00
# Visual Studio Version 17
VisualStudioVersion = 17.6.33829.357
MinimumVisualStudioVersion = 10.0.40219.1
Project("{FAE04EC0-301F-11D3-BF4B-00C04F79EFBC}") = "CST350-Milestone1", "CST350-Milestone1.csproj", "{769F8F45-FAB8-4C04-8198-49F1CF577B78}"
EndProject
Global
	GlobalSection(SolutionConfigurationPlatforms) = preSolution
		Debug|Any CPU = Debug|Any CPU
		Release|Any CPU = Release|Any CPU
	EndGlobalSection
	GlobalSection(ProjectConfigurationPlatforms) = postSolution
		{769F8F45-FAB8-4C04-8198-49F1CF577B78}.Debug|Any CPU.ActiveCfg = Debug|Any CPU
		{769F8F45-FAB8-4C04-8198-49F1CF577B78}.Debug|Any CPU.Build.0 = Debug|Any CPU
		{769F8F45-FAB8-4C04-8198-49F1CF577B78}.Release|Any CPU.ActiveCfg = Release|Any CPU
		{769F8F45-FAB8-4C04-8198-49F1CF577B78}.Release|Any CPU.Build.0 = Release|Any CPU
	EndGlobalSection
	GlobalSection(SolutionProperties) = preSolution
		HideSolutionNode = FALSE
	EndGlobalSection
	GlobalSection(ExtensibilityGlobals) = postSolution
		SolutionGuid = {D16D460B-1384-45B2-833F-E5138C7D9589}
	EndGlobalSection
EndGlobal
